<?xml version="1.0" encoding="utf-8"?>
<Project ToolsVersion="4.0" xmlns="http://schemas.microsoft.com/developer/msbuild/2003">
  <ItemGroup>
    <Filter Include="examples">
      <UniqueIdentifier>{40552242-A452-B840-B678-05BA1217A950}</UniqueIdentifier>
    </Filter>
    <Filter Include="examples\HelloWorld">
      <UniqueIdentifier>{1F1892C0-802F-3F43-A8BC-48DF9E31EF2A}</UniqueIdentifier>
    </Filter>
  </ItemGroup>
  <ItemGroup>
    <ClCompile Include="..\..\examples\HelloWorld\HelloWorld.cpp">
      <Filter>examples\HelloWorld</Filter>
    </ClCompile>
  </ItemGroup>
</Project>
