<?xml version="1.0" encoding="utf-8"?>
<Project ToolsVersion="4.0" xmlns="http://schemas.microsoft.com/developer/msbuild/2003">
  <ItemGroup>
    <Filter Include="examples">
      <UniqueIdentifier>{D1F4AA21-D11A-1A44-AD9C-BC91AA69925E}</UniqueIdentifier>
    </Filter>
    <Filter Include="examples\ThirdPartyLibs">
      <UniqueIdentifier>{9B8F07CF-76E0-3342-8D80-245F93B80D00}</UniqueIdentifier>
    </Filter>
    <Filter Include="examples\ThirdPartyLibs\Glew">
      <UniqueIdentifier>{42556FC6-A949-5647-867B-203452BDD81D}</UniqueIdentifier>
    </Filter>
    <Filter Include="examples\SimpleOpenGL3">
      <UniqueIdentifier>{76A4EEAC-7BFC-854D-81B4-659732124FE3}</UniqueIdentifier>
    </Filter>
  </ItemGroup>
  <ItemGroup>
    <ClCompile Include="..\..\examples\ThirdPartyLibs\Glew\glew.c">
      <Filter>examples\ThirdPartyLibs\Glew</Filter>
    </ClCompile>
    <ClCompile Include="..\..\examples\SimpleOpenGL3\main.cpp">
      <Filter>examples\SimpleOpenGL3</Filter>
    </ClCompile>
  </ItemGroup>
</Project>
