<?xml version="1.0" encoding="utf-8"?>
<Project ToolsVersion="4.0" xmlns="http://schemas.microsoft.com/developer/msbuild/2003">
  <ItemGroup>
    <Filter Include="src">
      <UniqueIdentifier>{8D07CB36-854C-8849-B603-6D7913FAC2E9}</UniqueIdentifier>
    </Filter>
    <Filter Include="src\Bullet3Serialize">
      <UniqueIdentifier>{5B808719-F33C-8045-968B-F16BA9AED0DE}</UniqueIdentifier>
    </Filter>
    <Filter Include="src\Bullet3Serialize\Bullet2FileLoader">
      <UniqueIdentifier>{85BE4E3D-60A9-2D40-BD71-AFF3C2DA71B3}</UniqueIdentifier>
    </Filter>
    <Filter Include="src\Bullet3Serialize\Bullet2FileLoader\autogenerated">
      <UniqueIdentifier>{0D9E2A54-614F-4A47-9815-0C266961341F}</UniqueIdentifier>
    </Filter>
  </ItemGroup>
  <ItemGroup>
    <ClInclude Include="..\..\src\Bullet3Serialize\Bullet2FileLoader\b3BulletFile.h">
      <Filter>src\Bullet3Serialize\Bullet2FileLoader</Filter>
    </ClInclude>
    <ClInclude Include="..\..\src\Bullet3Serialize\Bullet2FileLoader\b3Chunk.h">
      <Filter>src\Bullet3Serialize\Bullet2FileLoader</Filter>
    </ClInclude>
    <ClInclude Include="..\..\src\Bullet3Serialize\Bullet2FileLoader\b3Common.h">
      <Filter>src\Bullet3Serialize\Bullet2FileLoader</Filter>
    </ClInclude>
    <ClInclude Include="..\..\src\Bullet3Serialize\Bullet2FileLoader\b3Defines.h">
      <Filter>src\Bullet3Serialize\Bullet2FileLoader</Filter>
    </ClInclude>
    <ClInclude Include="..\..\src\Bullet3Serialize\Bullet2FileLoader\b3DNA.h">
      <Filter>src\Bullet3Serialize\Bullet2FileLoader</Filter>
    </ClInclude>
    <ClInclude Include="..\..\src\Bullet3Serialize\Bullet2FileLoader\b3File.h">
      <Filter>src\Bullet3Serialize\Bullet2FileLoader</Filter>
    </ClInclude>
    <ClInclude Include="..\..\src\Bullet3Serialize\Bullet2FileLoader\b3Serializer.h">
      <Filter>src\Bullet3Serialize\Bullet2FileLoader</Filter>
    </ClInclude>
    <ClInclude Include="..\..\src\Bullet3Serialize\Bullet2FileLoader\autogenerated\bullet2.h">
      <Filter>src\Bullet3Serialize\Bullet2FileLoader\autogenerated</Filter>
    </ClInclude>
  </ItemGroup>
  <ItemGroup>
    <ClCompile Include="..\..\src\Bullet3Serialize\Bullet2FileLoader\b3BulletFile.cpp">
      <Filter>src\Bullet3Serialize\Bullet2FileLoader</Filter>
    </ClCompile>
    <ClCompile Include="..\..\src\Bullet3Serialize\Bullet2FileLoader\b3Chunk.cpp">
      <Filter>src\Bullet3Serialize\Bullet2FileLoader</Filter>
    </ClCompile>
    <ClCompile Include="..\..\src\Bullet3Serialize\Bullet2FileLoader\b3DNA.cpp">
      <Filter>src\Bullet3Serialize\Bullet2FileLoader</Filter>
    </ClCompile>
    <ClCompile Include="..\..\src\Bullet3Serialize\Bullet2FileLoader\b3File.cpp">
      <Filter>src\Bullet3Serialize\Bullet2FileLoader</Filter>
    </ClCompile>
    <ClCompile Include="..\..\src\Bullet3Serialize\Bullet2FileLoader\b3Serializer.cpp">
      <Filter>src\Bullet3Serialize\Bullet2FileLoader</Filter>
    </ClCompile>
  </ItemGroup>
</Project>
